
Microsoft Visual Studio Solution File, Format Version 12.00
# Visual Studio Version 17
VisualStudioVersion = 17.5.002.0
MinimumVisualStudioVersion = 10.0.40219.1
Project("{9A19103F-16F7-4668-BE54-9A1E7A4F7556}") = "StudyMart.ApiService", "StudyMart.ApiService\StudyMart.ApiService.csproj", "{F1047542-D9BC-4859-B260-2FAE0CC8818B}"
EndProject
Project("{9A19103F-16F7-4668-BE54-9A1E7A4F7556}") = "StudyMart.Tests", "StudyMart.Tests\StudyMart.Tests.csproj", "{088A45FB-39A6-41C6-8045-FB22A3F73031}"
EndProject
Project("{9A19103F-16F7-4668-BE54-9A1E7A4F7556}") = "StudyMart.Web", "StudyMart.Web\StudyMart.Web.csproj", "{D1D7E83B-B837-4D4C-9F84-A6DCCD97B928}"
EndProject
Project("{9A19103F-16F7-4668-BE54-9A1E7A4F7556}") = "StudyMart.ServiceDefaults", "StudyMart.ServiceDefaults\StudyMart.ServiceDefaults.csproj", "{52144F80-DA24-4F76-B482-B6385E7421CD}"
EndProject
Project("{9A19103F-16F7-4668-BE54-9A1E7A4F7556}") = "StudyMart.AppHost", "StudyMart.AppHost\StudyMart.AppHost.csproj", "{8F5FEAEC-F796-4498-8DE8-02C8AD080D09}"
EndProject
Project("{FAE04EC0-301F-11D3-BF4B-00C04F79EFBC}") = "StudyMart.MailDev.Hosting", "StudyMart.MailDev.Hosting\StudyMart.MailDev.Hosting.csproj", "{8D0E6835-3285-41CC-BED2-405D1FCB3A4B}"
EndProject
Project("{FAE04EC0-301F-11D3-BF4B-00C04F79EFBC}") = "StudyMart.MailKit.Client", "StudyMart.MailKit.Client\StudyMart.MailKit.Client.csproj", "{CE5D3641-EE28-4455-976D-662618A26479}"
EndProject
Project("{FAE04EC0-301F-11D3-BF4B-00C04F79EFBC}") = "StudyMart.Contract", "StudyMart.Contract\StudyMart.Contract.csproj", "{69443DA5-3DA9-415A-A3E1-8F3889B72850}"
EndProject
Global
	GlobalSection(SolutionConfigurationPlatforms) = preSolution
		Debug|Any CPU = Debug|Any CPU
		Release|Any CPU = Release|Any CPU
	EndGlobalSection
	GlobalSection(ProjectConfigurationPlatforms) = postSolution
		{F1047542-D9BC-4859-B260-2FAE0CC8818B}.Debug|Any CPU.ActiveCfg = Debug|Any CPU
		{F1047542-D9BC-4859-B260-2FAE0CC8818B}.Debug|Any CPU.Build.0 = Debug|Any CPU
		{F1047542-D9BC-4859-B260-2FAE0CC8818B}.Release|Any CPU.ActiveCfg = Release|Any CPU
		{F1047542-D9BC-4859-B260-2FAE0CC8818B}.Release|Any CPU.Build.0 = Release|Any CPU
		{088A45FB-39A6-41C6-8045-FB22A3F73031}.Debug|Any CPU.ActiveCfg = Debug|Any CPU
		{088A45FB-39A6-41C6-8045-FB22A3F73031}.Debug|Any CPU.Build.0 = Debug|Any CPU
		{088A45FB-39A6-41C6-8045-FB22A3F73031}.Release|Any CPU.ActiveCfg = Release|Any CPU
		{088A45FB-39A6-41C6-8045-FB22A3F73031}.Release|Any CPU.Build.0 = Release|Any CPU
		{D1D7E83B-B837-4D4C-9F84-A6DCCD97B928}.Debug|Any CPU.ActiveCfg = Debug|Any CPU
		{D1D7E83B-B837-4D4C-9F84-A6DCCD97B928}.Debug|Any CPU.Build.0 = Debug|Any CPU
		{D1D7E83B-B837-4D4C-9F84-A6DCCD97B928}.Release|Any CPU.ActiveCfg = Release|Any CPU
		{D1D7E83B-B837-4D4C-9F84-A6DCCD97B928}.Release|Any CPU.Build.0 = Release|Any CPU
		{52144F80-DA24-4F76-B482-B6385E7421CD}.Debug|Any CPU.ActiveCfg = Debug|Any CPU
		{52144F80-DA24-4F76-B482-B6385E7421CD}.Debug|Any CPU.Build.0 = Debug|Any CPU
		{52144F80-DA24-4F76-B482-B6385E7421CD}.Release|Any CPU.ActiveCfg = Release|Any CPU
		{52144F80-DA24-4F76-B482-B6385E7421CD}.Release|Any CPU.Build.0 = Release|Any CPU
		{8F5FEAEC-F796-4498-8DE8-02C8AD080D09}.Debug|Any CPU.ActiveCfg = Debug|Any CPU
		{8F5FEAEC-F796-4498-8DE8-02C8AD080D09}.Debug|Any CPU.Build.0 = Debug|Any CPU
		{8F5FEAEC-F796-4498-8DE8-02C8AD080D09}.Release|Any CPU.ActiveCfg = Release|Any CPU
		{8F5FEAEC-F796-4498-8DE8-02C8AD080D09}.Release|Any CPU.Build.0 = Release|Any CPU
		{8D0E6835-3285-41CC-BED2-405D1FCB3A4B}.Debug|Any CPU.ActiveCfg = Debug|Any CPU
		{8D0E6835-3285-41CC-BED2-405D1FCB3A4B}.Debug|Any CPU.Build.0 = Debug|Any CPU
		{8D0E6835-3285-41CC-BED2-405D1FCB3A4B}.Release|Any CPU.ActiveCfg = Release|Any CPU
		{8D0E6835-3285-41CC-BED2-405D1FCB3A4B}.Release|Any CPU.Build.0 = Release|Any CPU
		{CE5D3641-EE28-4455-976D-662618A26479}.Debug|Any CPU.ActiveCfg = Debug|Any CPU
		{CE5D3641-EE28-4455-976D-662618A26479}.Debug|Any CPU.Build.0 = Debug|Any CPU
		{CE5D3641-EE28-4455-976D-662618A26479}.Release|Any CPU.ActiveCfg = Release|Any CPU
		{CE5D3641-EE28-4455-976D-662618A26479}.Release|Any CPU.Build.0 = Release|Any CPU
		{69443DA5-3DA9-415A-A3E1-8F3889B72850}.Debug|Any CPU.ActiveCfg = Debug|Any CPU
		{69443DA5-3DA9-415A-A3E1-8F3889B72850}.Debug|Any CPU.Build.0 = Debug|Any CPU
		{69443DA5-3DA9-415A-A3E1-8F3889B72850}.Release|Any CPU.ActiveCfg = Release|Any CPU
		{69443DA5-3DA9-415A-A3E1-8F3889B72850}.Release|Any CPU.Build.0 = Release|Any CPU
	EndGlobalSection
	GlobalSection(SolutionProperties) = preSolution
		HideSolutionNode = FALSE
	EndGlobalSection
	GlobalSection(ExtensibilityGlobals) = postSolution
		SolutionGuid = {9DD99F21-D719-4F0E-94FD-9119B3D3AA17}
	EndGlobalSection
EndGlobal
